
Microsoft Visual Studio Solution File, Format Version 12.00
# Visual Studio Version 17
VisualStudioVersion = 17.5.2.0
MinimumVisualStudioVersion = 10.0.40219.1
Project("{FAE04EC0-301F-11D3-BF4B-00C04F79EFBC}") = "SocialApp.Domain", "SocialApp.Domain\SocialApp.Domain.csproj", "{B29DC47C-DCAC-086E-B282-51318071BCB6}"
EndProject
Project("{FAE04EC0-301F-11D3-BF4B-00C04F79EFBC}") = "SocialApp.Data", "SocialApp.Data\SocialApp.Data.csproj", "{943676D8-4199-4708-92DB-31883F22DBAD}"
EndProject
Global
	GlobalSection(SolutionConfigurationPlatforms) = preSolution
		Debug|Any CPU = Debug|Any CPU
		Debug|x64 = Debug|x64
		Debug|x86 = Debug|x86
		Release|Any CPU = Release|Any CPU
		Release|x64 = Release|x64
		Release|x86 = Release|x86
	EndGlobalSection
	GlobalSection(ProjectConfigurationPlatforms) = postSolution
		{B29DC47C-DCAC-086E-B282-51318071BCB6}.Debug|Any CPU.ActiveCfg = Debug|Any CPU
		{B29DC47C-DCAC-086E-B282-51318071BCB6}.Debug|Any CPU.Build.0 = Debug|Any CPU
		{B29DC47C-DCAC-086E-B282-51318071BCB6}.Debug|x64.ActiveCfg = Debug|Any CPU
		{B29DC47C-DCAC-086E-B282-51318071BCB6}.Debug|x64.Build.0 = Debug|Any CPU
		{B29DC47C-DCAC-086E-B282-51318071BCB6}.Debug|x86.ActiveCfg = Debug|Any CPU
		{B29DC47C-DCAC-086E-B282-51318071BCB6}.Debug|x86.Build.0 = Debug|Any CPU
		{B29DC47C-DCAC-086E-B282-51318071BCB6}.Release|Any CPU.ActiveCfg = Release|Any CPU
		{B29DC47C-DCAC-086E-B282-51318071BCB6}.Release|Any CPU.Build.0 = Release|Any CPU
		{B29DC47C-DCAC-086E-B282-51318071BCB6}.Release|x64.ActiveCfg = Release|Any CPU
		{B29DC47C-DCAC-086E-B282-51318071BCB6}.Release|x64.Build.0 = Release|Any CPU
		{B29DC47C-DCAC-086E-B282-51318071BCB6}.Release|x86.ActiveCfg = Release|Any CPU
		{B29DC47C-DCAC-086E-B282-51318071BCB6}.Release|x86.Build.0 = Release|Any CPU
		{943676D8-4199-4708-92DB-31883F22DBAD}.Debug|Any CPU.ActiveCfg = Debug|Any CPU
		{943676D8-4199-4708-92DB-31883F22DBAD}.Debug|Any CPU.Build.0 = Debug|Any CPU
		{943676D8-4199-4708-92DB-31883F22DBAD}.Debug|x64.ActiveCfg = Debug|Any CPU
		{943676D8-4199-4708-92DB-31883F22DBAD}.Debug|x64.Build.0 = Debug|Any CPU
		{943676D8-4199-4708-92DB-31883F22DBAD}.Debug|x86.ActiveCfg = Debug|Any CPU
		{943676D8-4199-4708-92DB-31883F22DBAD}.Debug|x86.Build.0 = Debug|Any CPU
		{943676D8-4199-4708-92DB-31883F22DBAD}.Release|Any CPU.ActiveCfg = Release|Any CPU
		{943676D8-4199-4708-92DB-31883F22DBAD}.Release|Any CPU.Build.0 = Release|Any CPU
		{943676D8-4199-4708-92DB-31883F22DBAD}.Release|x64.ActiveCfg = Release|Any CPU
		{943676D8-4199-4708-92DB-31883F22DBAD}.Release|x64.Build.0 = Release|Any CPU
		{943676D8-4199-4708-92DB-31883F22DBAD}.Release|x86.ActiveCfg = Release|Any CPU
		{943676D8-4199-4708-92DB-31883F22DBAD}.Release|x86.Build.0 = Release|Any CPU
	EndGlobalSection
	GlobalSection(SolutionProperties) = preSolution
		HideSolutionNode = FALSE
	EndGlobalSection
	GlobalSection(ExtensibilityGlobals) = postSolution
		SolutionGuid = {2A5B018F-4E6B-41F0-8864-6959EBEC2209}
	EndGlobalSection
EndGlobal
