Microsoft Visual Studio Solution File, Format Version 12.00
# Visual Studio Version 17
VisualStudioVersion = 17.5.2.0
MinimumVisualStudioVersion = 10.0.40219.1
Project("{FAE04EC0-301F-11D3-BF4B-00C04F79EFBC}") = "SocialApp.Application", "SocialApp.Application.csproj", "{5FF4C725-F5B9-C810-5972-2C798722ED39}"
EndProject
Global
	GlobalSection(SolutionConfigurationPlatforms) = preSolution
		Debug|Any CPU = Debug|Any CPU
		Release|Any CPU = Release|Any CPU
	EndGlobalSection
	GlobalSection(ProjectConfigurationPlatforms) = postSolution
		{5FF4C725-F5B9-C810-5972-2C798722ED39}.Debug|Any CPU.ActiveCfg = Debug|Any CPU
		{5FF4C725-F5B9-C810-5972-2C798722ED39}.Debug|Any CPU.Build.0 = Debug|Any CPU
		{5FF4C725-F5B9-C810-5972-2C798722ED39}.Release|Any CPU.ActiveCfg = Release|Any CPU
		{5FF4C725-F5B9-C810-5972-2C798722ED39}.Release|Any CPU.Build.0 = Release|Any CPU
	EndGlobalSection
	GlobalSection(SolutionProperties) = preSolution
		HideSolutionNode = FALSE
	EndGlobalSection
	GlobalSection(ExtensibilityGlobals) = postSolution
		SolutionGuid = {FA8CF6A1-2D89-4031-8FF2-993A30D3B2D6}
	EndGlobalSection
EndGlobal
